
Microsoft Visual Studio Solution File, Format Version 12.00
# Visual Studio Version 16
VisualStudioVersion = 16.0.30611.23
MinimumVisualStudioVersion = 10.0.40219.1
Project("{FAE04EC0-301F-11D3-BF4B-00C04F79EFBC}") = "ConsoleAppTestAfLandlystDBContionH2", "ConsoleAppTestAfLandlystDBContionH2\ConsoleAppTestAfLandlystDBContionH2.csproj", "{0A33F352-1B45-4DCB-96B3-05DC7FBEF7FA}"
EndProject
Global
	GlobalSection(SolutionConfigurationPlatforms) = preSolution
		Debug|Any CPU = Debug|Any CPU
		Release|Any CPU = Release|Any CPU
	EndGlobalSection
	GlobalSection(ProjectConfigurationPlatforms) = postSolution
		{0A33F352-1B45-4DCB-96B3-05DC7FBEF7FA}.Debug|Any CPU.ActiveCfg = Debug|Any CPU
		{0A33F352-1B45-4DCB-96B3-05DC7FBEF7FA}.Debug|Any CPU.Build.0 = Debug|Any CPU
		{0A33F352-1B45-4DCB-96B3-05DC7FBEF7FA}.Release|Any CPU.ActiveCfg = Release|Any CPU
		{0A33F352-1B45-4DCB-96B3-05DC7FBEF7FA}.Release|Any CPU.Build.0 = Release|Any CPU
	EndGlobalSection
	GlobalSection(SolutionProperties) = preSolution
		HideSolutionNode = FALSE
	EndGlobalSection
	GlobalSection(ExtensibilityGlobals) = postSolution
		SolutionGuid = {CDB40B49-3A99-467C-97E3-89DA30ADCA8B}
	EndGlobalSection
EndGlobal
